// !$*UTF8*$!
{
	archiveVersion = 1;
	classes = {
	};
	objectVersion = 46;
	objects = {

/* Begin PBXBuildFile section */
		2E7AC52B179498600013DE07 /* UIKit.framework in Frameworks */ = {isa = PBXBuildFile; fileRef = 2E7AC52A179498600013DE07 /* UIKit.framework */; };
		2E7AC52D179498600013DE07 /* Foundation.framework in Frameworks */ = {isa = PBXBuildFile; fileRef = 2E7AC52C179498600013DE07 /* Foundation.framework */; };
		2E7AC52F179498600013DE07 /* CoreGraphics.framework in Frameworks */ = {isa = PBXBuildFile; fileRef = 2E7AC52E179498600013DE07 /* CoreGraphics.framework */; };
		2E7AC535179498600013DE07 /* InfoPlist.strings in Resources */ = {isa = PBXBuildFile; fileRef = 2E7AC533179498600013DE07 /* InfoPlist.strings */; };
		2E7AC537179498600013DE07 /* main.m in Sources */ = {isa = PBXBuildFile; fileRef = 2E7AC536179498600013DE07 /* main.m */; };
		2E7AC53B179498600013DE07 /* AppDelegate.m in Sources */ = {isa = PBXBuildFile; fileRef = 2E7AC53A179498600013DE07 /* AppDelegate.m */; };
		2E7AC53D179498600013DE07 /* Default.png in Resources */ = {isa = PBXBuildFile; fileRef = 2E7AC53C179498600013DE07 /* Default.png */; };
		2E7AC53F179498600013DE07 /* Default@2x.png in Resources */ = {isa = PBXBuildFile; fileRef = 2E7AC53E179498600013DE07 /* Default@2x.png */; };
		2E7AC541179498600013DE07 /* Default-568h@2x.png in Resources */ = {isa = PBXBuildFile; fileRef = 2E7AC540179498600013DE07 /* Default-568h@2x.png */; };
		2E7AC544179498600013DE07 /* MainStoryboard.storyboard in Resources */ = {isa = PBXBuildFile; fileRef = 2E7AC542179498600013DE07 /* MainStoryboard.storyboard */; };
		2E7AC547179498600013DE07 /* ViewController.m in Sources */ = {isa = PBXBuildFile; fileRef = 2E7AC546179498600013DE07 /* ViewController.m */; };
		2E7AC54F179498610013DE07 /* SenTestingKit.framework in Frameworks */ = {isa = PBXBuildFile; fileRef = 2E7AC54E179498610013DE07 /* SenTestingKit.framework */; };
		2E7AC550179498610013DE07 /* UIKit.framework in Frameworks */ = {isa = PBXBuildFile; fileRef = 2E7AC52A179498600013DE07 /* UIKit.framework */; };
		2E7AC551179498610013DE07 /* Foundation.framework in Frameworks */ = {isa = PBXBuildFile; fileRef = 2E7AC52C179498600013DE07 /* Foundation.framework */; };
		2E7AC559179498610013DE07 /* InfoPlist.strings in Resources */ = {isa = PBXBuildFile; fileRef = 2E7AC557179498610013DE07 /* InfoPlist.strings */; };
		2E7AC55C179498610013DE07 /* tryiOSTests.m in Sources */ = {isa = PBXBuildFile; fileRef = 2E7AC55B179498610013DE07 /* tryiOSTests.m */; };
/* End PBXBuildFile section */

/* Begin PBXContainerItemProxy section */
		2E7AC552179498610013DE07 /* PBXContainerItemProxy */ = {
			isa = PBXContainerItemProxy;
			containerPortal = 2E7AC51F179498600013DE07 /* Project object */;
			proxyType = 1;
			remoteGlobalIDString = 2E7AC526179498600013DE07;
			remoteInfo = tryiOS;
		};
/* End PBXContainerItemProxy section */

/* Begin PBXFileReference section */
		2E7AC527179498600013DE07 /* tryiOS.app */ = {isa = PBXFileReference; explicitFileType = wrapper.application; includeInIndex = 0; path = tryiOS.app; sourceTree = BUILT_PRODUCTS_DIR; };
		2E7AC52A179498600013DE07 /* UIKit.framework */ = {isa = PBXFileReference; lastKnownFileType = wrapper.framework; name = UIKit.framework; path = System/Library/Frameworks/UIKit.framework; sourceTree = SDKROOT; };
		2E7AC52C179498600013DE07 /* Foundation.framework */ = {isa = PBXFileReference; lastKnownFileType = wrapper.framework; name = Foundation.framework; path = System/Library/Frameworks/Foundation.framework; sourceTree = SDKROOT; };
		2E7AC52E179498600013DE07 /* CoreGraphics.framework */ = {isa = PBXFileReference; lastKnownFileType = wrapper.framework; name = CoreGraphics.framework; path = System/Library/Frameworks/CoreGraphics.framework; sourceTree = SDKROOT; };
		2E7AC532179498600013DE07 /* tryiOS-Info.plist */ = {isa = PBXFileReference; lastKnownFileType = text.plist.xml; path = "tryiOS-Info.plist"; sourceTree = "<group>"; };
		2E7AC534179498600013DE07 /* en */ = {isa = PBXFileReference; lastKnownFileType = text.plist.strings; name = en; path = en.lproj/InfoPlist.strings; sourceTree = "<group>"; };
		2E7AC536179498600013DE07 /* main.m */ = {isa = PBXFileReference; lastKnownFileType = sourcecode.c.objc; path = main.m; sourceTree = "<group>"; };
		2E7AC538179498600013DE07 /* tryiOS-Prefix.pch */ = {isa = PBXFileReference; lastKnownFileType = sourcecode.c.h; path = "tryiOS-Prefix.pch"; sourceTree = "<group>"; };
		2E7AC539179498600013DE07 /* AppDelegate.h */ = {isa = PBXFileReference; lastKnownFileType = sourcecode.c.h; path = AppDelegate.h; sourceTree = "<group>"; };
		2E7AC53A179498600013DE07 /* AppDelegate.m */ = {isa = PBXFileReference; lastKnownFileType = sourcecode.c.objc; path = AppDelegate.m; sourceTree = "<group>"; };
		2E7AC53C179498600013DE07 /* Default.png */ = {isa = PBXFileReference; lastKnownFileType = image.png; path = Default.png; sourceTree = "<group>"; };
		2E7AC53E179498600013DE07 /* Default@2x.png */ = {isa = PBXFileReference; lastKnownFileType = image.png; path = "Default@2x.png"; sourceTree = "<group>"; };
		2E7AC540179498600013DE07 /* Default-568h@2x.png */ = {isa = PBXFileReference; lastKnownFileType = image.png; path = "Default-568h@2x.png"; sourceTree = "<group>"; };
		2E7AC543179498600013DE07 /* en */ = {isa = PBXFileReference; lastKnownFileType = file.storyboard; name = en; path = en.lproj/MainStoryboard.storyboard; sourceTree = "<group>"; };
		2E7AC545179498600013DE07 /* ViewController.h */ = {isa = PBXFileReference; lastKnownFileType = sourcecode.c.h; path = ViewController.h; sourceTree = "<group>"; };
		2E7AC546179498600013DE07 /* ViewController.m */ = {isa = PBXFileReference; lastKnownFileType = sourcecode.c.objc; path = ViewController.m; sourceTree = "<group>"; };
		2E7AC54D179498610013DE07 /* tryiOSTests.octest */ = {isa = PBXFileReference; explicitFileType = wrapper.cfbundle; includeInIndex = 0; path = tryiOSTests.octest; sourceTree = BUILT_PRODUCTS_DIR; };
		2E7AC54E179498610013DE07 /* SenTestingKit.framework */ = {isa = PBXFileReference; lastKnownFileType = wrapper.framework; name = SenTestingKit.framework; path = Library/Frameworks/SenTestingKit.framework; sourceTree = DEVELOPER_DIR; };
		2E7AC556179498610013DE07 /* tryiOSTests-Info.plist */ = {isa = PBXFileReference; lastKnownFileType = text.plist.xml; path = "tryiOSTests-Info.plist"; sourceTree = "<group>"; };
		2E7AC558179498610013DE07 /* en */ = {isa = PBXFileReference; lastKnownFileType = text.plist.strings; name = en; path = en.lproj/InfoPlist.strings; sourceTree = "<group>"; };
		2E7AC55A179498610013DE07 /* tryiOSTests.h */ = {isa = PBXFileReference; lastKnownFileType = sourcecode.c.h; path = tryiOSTests.h; sourceTree = "<group>"; };
		2E7AC55B179498610013DE07 /* tryiOSTests.m */ = {isa = PBXFileReference; lastKnownFileType = sourcecode.c.objc; path = tryiOSTests.m; sourceTree = "<group>"; };
/* End PBXFileReference section */

/* Begin PBXFrameworksBuildPhase section */
		2E7AC524179498600013DE07 /* Frameworks */ = {
			isa = PBXFrameworksBuildPhase;
			buildActionMask = 2147483647;
			files = (
				2E7AC52B179498600013DE07 /* UIKit.framework in Frameworks */,
				2E7AC52D179498600013DE07 /* Foundation.framework in Frameworks */,
				2E7AC52F179498600013DE07 /* CoreGraphics.framework in Frameworks */,
			);
			runOnlyForDeploymentPostprocessing = 0;
		};
		2E7AC549179498610013DE07 /* Frameworks */ = {
			isa = PBXFrameworksBuildPhase;
			buildActionMask = 2147483647;
			files = (
				2E7AC54F179498610013DE07 /* SenTestingKit.framework in Frameworks */,
				2E7AC550179498610013DE07 /* UIKit.framework in Frameworks */,
				2E7AC551179498610013DE07 /* Foundation.framework in Frameworks */,
			);
			runOnlyForDeploymentPostprocessing = 0;
		};
/* End PBXFrameworksBuildPhase section */

/* Begin PBXGroup section */
		2E7AC51E179498600013DE07 = {
			isa = PBXGroup;
			children = (
				2E7AC530179498600013DE07 /* tryiOS */,
				2E7AC554179498610013DE07 /* tryiOSTests */,
				2E7AC529179498600013DE07 /* Frameworks */,
				2E7AC528179498600013DE07 /* Products */,
			);
			sourceTree = "<group>";
		};
		2E7AC528179498600013DE07 /* Products */ = {
			isa = PBXGroup;
			children = (
				2E7AC527179498600013DE07 /* tryiOS.app */,
				2E7AC54D179498610013DE07 /* tryiOSTests.octest */,
			);
			name = Products;
			sourceTree = "<group>";
		};
		2E7AC529179498600013DE07 /* Frameworks */ = {
			isa = PBXGroup;
			children = (
				2E7AC52A179498600013DE07 /* UIKit.framework */,
				2E7AC52C179498600013DE07 /* Foundation.framework */,
				2E7AC52E179498600013DE07 /* CoreGraphics.framework */,
				2E7AC54E179498610013DE07 /* SenTestingKit.framework */,
			);
			name = Frameworks;
			sourceTree = "<group>";
		};
		2E7AC530179498600013DE07 /* tryiOS */ = {
			isa = PBXGroup;
			children = (
				2E7AC539179498600013DE07 /* AppDelegate.h */,
				2E7AC53A179498600013DE07 /* AppDelegate.m */,
				2E7AC542179498600013DE07 /* MainStoryboard.storyboard */,
				2E7AC545179498600013DE07 /* ViewController.h */,
				2E7AC546179498600013DE07 /* ViewController.m */,
				2E7AC531179498600013DE07 /* Supporting Files */,
			);
			path = tryiOS;
			sourceTree = "<group>";
		};
		2E7AC531179498600013DE07 /* Supporting Files */ = {
			isa = PBXGroup;
			children = (
				2E7AC532179498600013DE07 /* tryiOS-Info.plist */,
				2E7AC533179498600013DE07 /* InfoPlist.strings */,
				2E7AC536179498600013DE07 /* main.m */,
				2E7AC538179498600013DE07 /* tryiOS-Prefix.pch */,
				2E7AC53C179498600013DE07 /* Default.png */,
				2E7AC53E179498600013DE07 /* Default@2x.png */,
				2E7AC540179498600013DE07 /* Default-568h@2x.png */,
			);
			name = "Supporting Files";
			sourceTree = "<group>";
		};
		2E7AC554179498610013DE07 /* tryiOSTests */ = {
			isa = PBXGroup;
			children = (
				2E7AC55A179498610013DE07 /* tryiOSTests.h */,
				2E7AC55B179498610013DE07 /* tryiOSTests.m */,
				2E7AC555179498610013DE07 /* Supporting Files */,
			);
			path = tryiOSTests;
			sourceTree = "<group>";
		};
		2E7AC555179498610013DE07 /* Supporting Files */ = {
			isa = PBXGroup;
			children = (
				2E7AC556179498610013DE07 /* tryiOSTests-Info.plist */,
				2E7AC557179498610013DE07 /* InfoPlist.strings */,
			);
			name = "Supporting Files";
			sourceTree = "<group>";
		};
/* End PBXGroup section */

/* Begin PBXNativeTarget section */
		2E7AC526179498600013DE07 /* tryiOS */ = {
			isa = PBXNativeTarget;
			buildConfigurationList = 2E7AC55F179498610013DE07 /* Build configuration list for PBXNativeTarget "tryiOS" */;
			buildPhases = (
				2E7AC523179498600013DE07 /* Sources */,
				2E7AC524179498600013DE07 /* Frameworks */,
				2E7AC525179498600013DE07 /* Resources */,
			);
			buildRules = (
			);
			dependencies = (
			);
			name = tryiOS;
			productName = tryiOS;
			productReference = 2E7AC527179498600013DE07 /* tryiOS.app */;
			productType = "com.apple.product-type.application";
		};
		2E7AC54C179498610013DE07 /* tryiOSTests */ = {
			isa = PBXNativeTarget;
			buildConfigurationList = 2E7AC562179498610013DE07 /* Build configuration list for PBXNativeTarget "tryiOSTests" */;
			buildPhases = (
				2E7AC548179498610013DE07 /* Sources */,
				2E7AC549179498610013DE07 /* Frameworks */,
				2E7AC54A179498610013DE07 /* Resources */,
				2E7AC54B179498610013DE07 /* ShellScript */,
			);
			buildRules = (
			);
			dependencies = (
				2E7AC553179498610013DE07 /* PBXTargetDependency */,
			);
			name = tryiOSTests;
			productName = tryiOSTests;
			productReference = 2E7AC54D179498610013DE07 /* tryiOSTests.octest */;
			productType = "com.apple.product-type.bundle";
		};
/* End PBXNativeTarget section */

/* Begin PBXProject section */
		2E7AC51F179498600013DE07 /* Project object */ = {
			isa = PBXProject;
			attributes = {
				LastUpgradeCheck = 0460;
				ORGANIZATIONNAME = "Azhar Khan";
			};
			buildConfigurationList = 2E7AC522179498600013DE07 /* Build configuration list for PBXProject "tryiOS" */;
			compatibilityVersion = "Xcode 3.2";
			developmentRegion = English;
			hasScannedForEncodings = 0;
			knownRegions = (
				en,
			);
			mainGroup = 2E7AC51E179498600013DE07;
			productRefGroup = 2E7AC528179498600013DE07 /* Products */;
			projectDirPath = "";
			projectRoot = "";
			targets = (
				2E7AC526179498600013DE07 /* tryiOS */,
				2E7AC54C179498610013DE07 /* tryiOSTests */,
			);
		};
/* End PBXProject section */

/* Begin PBXResourcesBuildPhase section */
		2E7AC525179498600013DE07 /* Resources */ = {
			isa = PBXResourcesBuildPhase;
			buildActionMask = 2147483647;
			files = (
				2E7AC535179498600013DE07 /* InfoPlist.strings in Resources */,
				2E7AC53D179498600013DE07 /* Default.png in Resources */,
				2E7AC53F179498600013DE07 /* Default@2x.png in Resources */,
				2E7AC541179498600013DE07 /* Default-568h@2x.png in Resources */,
				2E7AC544179498600013DE07 /* MainStoryboard.storyboard in Resources */,
			);
			runOnlyForDeploymentPostprocessing = 0;
		};
		2E7AC54A179498610013DE07 /* Resources */ = {
			isa = PBXResourcesBuildPhase;
			buildActionMask = 2147483647;
			files = (
				2E7AC559179498610013DE07 /* InfoPlist.strings in Resources */,
			);
			runOnlyForDeploymentPostprocessing = 0;
		};
/* End PBXResourcesBuildPhase section */

/* Begin PBXShellScriptBuildPhase section */
		2E7AC54B179498610013DE07 /* ShellScript */ = {
			isa = PBXShellScriptBuildPhase;
			buildActionMask = 2147483647;
			files = (
			);
			inputPaths = (
			);
			outputPaths = (
			);
			runOnlyForDeploymentPostprocessing = 0;
			shellPath = /bin/sh;
			shellScript = "# Run the unit tests in this test bundle.\n\"${SYSTEM_DEVELOPER_DIR}/Tools/RunUnitTests\"\n";
		};
/* End PBXShellScriptBuildPhase section */

/* Begin PBXSourcesBuildPhase section */
		2E7AC523179498600013DE07 /* Sources */ = {
			isa = PBXSourcesBuildPhase;
			buildActionMask = 2147483647;
			files = (
				2E7AC537179498600013DE07 /* main.m in Sources */,
				2E7AC53B179498600013DE07 /* AppDelegate.m in Sources */,
				2E7AC547179498600013DE07 /* ViewController.m in Sources */,
			);
			runOnlyForDeploymentPostprocessing = 0;
		};
		2E7AC548179498610013DE07 /* Sources */ = {
			isa = PBXSourcesBuildPhase;
			buildActionMask = 2147483647;
			files = (
				2E7AC55C179498610013DE07 /* tryiOSTests.m in Sources */,
			);
			runOnlyForDeploymentPostprocessing = 0;
		};
/* End PBXSourcesBuildPhase section */

/* Begin PBXTargetDependency section */
		2E7AC553179498610013DE07 /* PBXTargetDependency */ = {
			isa = PBXTargetDependency;
			target = 2E7AC526179498600013DE07 /* tryiOS */;
			targetProxy = 2E7AC552179498610013DE07 /* PBXContainerItemProxy */;
		};
/* End PBXTargetDependency section */

/* Begin PBXVariantGroup section */
		2E7AC533179498600013DE07 /* InfoPlist.strings */ = {
			isa = PBXVariantGroup;
			children = (
				2E7AC534179498600013DE07 /* en */,
			);
			name = InfoPlist.strings;
			sourceTree = "<group>";
		};
		2E7AC542179498600013DE07 /* MainStoryboard.storyboard */ = {
			isa = PBXVariantGroup;
			children = (
				2E7AC543179498600013DE07 /* en */,
			);
			name = MainStoryboard.storyboard;
			sourceTree = "<group>";
		};
		2E7AC557179498610013DE07 /* InfoPlist.strings */ = {
			isa = PBXVariantGroup;
			children = (
				2E7AC558179498610013DE07 /* en */,
			);
			name = InfoPlist.strings;
			sourceTree = "<group>";
		};
/* End PBXVariantGroup section */

/* Begin XCBuildConfiguration section */
		2E7AC55D179498610013DE07 /* Debug */ = {
			isa = XCBuildConfiguration;
			buildSettings = {
				ALWAYS_SEARCH_USER_PATHS = NO;
				CLANG_CXX_LANGUAGE_STANDARD = "gnu++0x";
				CLANG_CXX_LIBRARY = "libc++";
				CLANG_ENABLE_OBJC_ARC = YES;
				CLANG_WARN_CONSTANT_CONVERSION = YES;
				CLANG_WARN_EMPTY_BODY = YES;
				CLANG_WARN_ENUM_CONVERSION = YES;
				CLANG_WARN_INT_CONVERSION = YES;
				CLANG_WARN__DUPLICATE_METHOD_MATCH = YES;
				"CODE_SIGN_IDENTITY[sdk=iphoneos*]" = "iPhone Developer";
				COPY_PHASE_STRIP = NO;
				GCC_C_LANGUAGE_STANDARD = gnu99;
				GCC_DYNAMIC_NO_PIC = NO;
				GCC_OPTIMIZATION_LEVEL = 0;
				GCC_PREPROCESSOR_DEFINITIONS = (
					"DEBUG=1",
					"$(inherited)",
				);
				GCC_SYMBOLS_PRIVATE_EXTERN = NO;
				GCC_WARN_ABOUT_RETURN_TYPE = YES;
				GCC_WARN_UNINITIALIZED_AUTOS = YES;
				GCC_WARN_UNUSED_VARIABLE = YES;
				IPHONEOS_DEPLOYMENT_TARGET = 6.1;
				ONLY_ACTIVE_ARCH = YES;
				SDKROOT = iphoneos;
			};
			name = Debug;
		};
		2E7AC55E179498610013DE07 /* Release */ = {
			isa = XCBuildConfiguration;
			buildSettings = {
				ALWAYS_SEARCH_USER_PATHS = NO;
				CLANG_CXX_LANGUAGE_STANDARD = "gnu++0x";
				CLANG_CXX_LIBRARY = "libc++";
				CLANG_ENABLE_OBJC_ARC = YES;
				CLANG_WARN_CONSTANT_CONVERSION = YES;
				CLANG_WARN_EMPTY_BODY = YES;
				CLANG_WARN_ENUM_CONVERSION = YES;
				CLANG_WARN_INT_CONVERSION = YES;
				CLANG_WARN__DUPLICATE_METHOD_MATCH = YES;
				"CODE_SIGN_IDENTITY[sdk=iphoneos*]" = "iPhone Developer";
				COPY_PHASE_STRIP = YES;
				GCC_C_LANGUAGE_STANDARD = gnu99;
				GCC_WARN_ABOUT_RETURN_TYPE = YES;
				GCC_WARN_UNINITIALIZED_AUTOS = YES;
				GCC_WARN_UNUSED_VARIABLE = YES;
				IPHONEOS_DEPLOYMENT_TARGET = 6.1;
				OTHER_CFLAGS = "-DNS_BLOCK_ASSERTIONS=1";
				SDKROOT = iphoneos;
				VALIDATE_PRODUCT = YES;
			};
			name = Release;
		};
		2E7AC560179498610013DE07 /* Debug */ = {
			isa = XCBuildConfiguration;
			buildSettings = {
				GCC_PRECOMPILE_PREFIX_HEADER = YES;
				GCC_PREFIX_HEADER = "tryiOS/tryiOS-Prefix.pch";
				INFOPLIST_FILE = "tryiOS/tryiOS-Info.plist";
				PRODUCT_NAME = "$(TARGET_NAME)";
				WRAPPER_EXTENSION = app;
			};
			name = Debug;
		};
		2E7AC561179498610013DE07 /* Release */ = {
			isa = XCBuildConfiguration;
			buildSettings = {
				GCC_PRECOMPILE_PREFIX_HEADER = YES;
				GCC_PREFIX_HEADER = "tryiOS/tryiOS-Prefix.pch";
				INFOPLIST_FILE = "tryiOS/tryiOS-Info.plist";
				PRODUCT_NAME = "$(TARGET_NAME)";
				WRAPPER_EXTENSION = app;
			};
			name = Release;
		};
		2E7AC563179498610013DE07 /* Debug */ = {
			isa = XCBuildConfiguration;
			buildSettings = {
				BUNDLE_LOADER = "$(BUILT_PRODUCTS_DIR)/tryiOS.app/tryiOS";
				FRAMEWORK_SEARCH_PATHS = (
					"\"$(SDKROOT)/Developer/Library/Frameworks\"",
					"\"$(DEVELOPER_LIBRARY_DIR)/Frameworks\"",
				);
				GCC_PRECOMPILE_PREFIX_HEADER = YES;
				GCC_PREFIX_HEADER = "tryiOS/tryiOS-Prefix.pch";
				INFOPLIST_FILE = "tryiOSTests/tryiOSTests-Info.plist";
				PRODUCT_NAME = "$(TARGET_NAME)";
				TEST_HOST = "$(BUNDLE_LOADER)";
				WRAPPER_EXTENSION = octest;
			};
			name = Debug;
		};
		2E7AC564179498610013DE07 /* Release */ = {
			isa = XCBuildConfiguration;
			buildSettings = {
				BUNDLE_LOADER = "$(BUILT_PRODUCTS_DIR)/tryiOS.app/tryiOS";
				FRAMEWORK_SEARCH_PATHS = (
					"\"$(SDKROOT)/Developer/Library/Frameworks\"",
					"\"$(DEVELOPER_LIBRARY_DIR)/Frameworks\"",
				);
				GCC_PRECOMPILE_PREFIX_HEADER = YES;
				GCC_PREFIX_HEADER = "tryiOS/tryiOS-Prefix.pch";
				INFOPLIST_FILE = "tryiOSTests/tryiOSTests-Info.plist";
				PRODUCT_NAME = "$(TARGET_NAME)";
				TEST_HOST = "$(BUNDLE_LOADER)";
				WRAPPER_EXTENSION = octest;
			};
			name = Release;
		};
/* End XCBuildConfiguration section */

/* Begin XCConfigurationList section */
		2E7AC522179498600013DE07 /* Build configuration list for PBXProject "tryiOS" */ = {
			isa = XCConfigurationList;
			buildConfigurations = (
				2E7AC55D179498610013DE07 /* Debug */,
				2E7AC55E179498610013DE07 /* Release */,
			);
			defaultConfigurationIsVisible = 0;
			defaultConfigurationName = Release;
		};
		2E7AC55F179498610013DE07 /* Build configuration list for PBXNativeTarget "tryiOS" */ = {
			isa = XCConfigurationList;
			buildConfigurations = (
				2E7AC560179498610013DE07 /* Debug */,
				2E7AC561179498610013DE07 /* Release */,
			);
			defaultConfigurationIsVisible = 0;
		};
		2E7AC562179498610013DE07 /* Build configuration list for PBXNativeTarget "tryiOSTests" */ = {
			isa = XCConfigurationList;
			buildConfigurations = (
				2E7AC563179498610013DE07 /* Debug */,
				2E7AC564179498610013DE07 /* Release */,
			);
			defaultConfigurationIsVisible = 0;
		};
/* End XCConfigurationList section */
	};
	rootObject = 2E7AC51F179498600013DE07 /* Project object */;
}
